{
  "name": "test",
  "version": "1.0.0",
  "lockfileVersion": 1,
  "requires": true,
  "dependencies": {
    "uview-ui": {
      "version": "2.0.28",
      "resolved": "https://registry.npmmirror.com/uview-ui/-/uview-ui-2.0.28.tgz",
      "integrity": "sha512-H50WZJg/SIjpv1mcxvMaCcZgOWMyE+iWy7ANe/ZtvZgsPaYzMYzZdhiHl7ml0bA72fSJUseahSVLen8WhCVpRA=="
    }
  }
}
